
Microsoft Visual Studio Solution File, Format Version 12.00
# Visual Studio Version 17
VisualStudioVersion = 17.14.36310.24
MinimumVisualStudioVersion = 10.0.40219.1
Project("{FAE04EC0-301F-11D3-BF4B-00C04F79EFBC}") = "SM.SqlBackup.WinForms", "DbBackup\SM.SqlBackup.WinForms.csproj", "{B6BBD1D1-1AF7-60EA-8A72-DD867B768CC3}"
EndProject
Project("{FAE04EC0-301F-11D3-BF4B-00C04F79EFBC}") = "SM.SqlBackup.Core", "SM.SqlBackup.Core\SM.SqlBackup.Core.csproj", "{328D7C5A-6FF8-C2E0-DE99-A61B6CE5406B}"
EndProject
Project("{FAE04EC0-301F-11D3-BF4B-00C04F79EFBC}") = "SM.SqlBackup.WinUI", "SM.SqlBackup.WinUI\SM.SqlBackup.WinUI.csproj", "{2CC60BAF-1DDB-4088-8228-92313D874D58}"
EndProject
Global
	GlobalSection(SolutionConfigurationPlatforms) = preSolution
		Debug|Any CPU = Debug|Any CPU
		Release|Any CPU = Release|Any CPU
	EndGlobalSection
	GlobalSection(ProjectConfigurationPlatforms) = postSolution
		{B6BBD1D1-1AF7-60EA-8A72-DD867B768CC3}.Debug|Any CPU.ActiveCfg = Debug|Any CPU
		{B6BBD1D1-1AF7-60EA-8A72-DD867B768CC3}.Debug|Any CPU.Build.0 = Debug|Any CPU
		{B6BBD1D1-1AF7-60EA-8A72-DD867B768CC3}.Release|Any CPU.ActiveCfg = Release|Any CPU
		{B6BBD1D1-1AF7-60EA-8A72-DD867B768CC3}.Release|Any CPU.Build.0 = Release|Any CPU
		{328D7C5A-6FF8-C2E0-DE99-A61B6CE5406B}.Debug|Any CPU.ActiveCfg = Debug|Any CPU
		{328D7C5A-6FF8-C2E0-DE99-A61B6CE5406B}.Debug|Any CPU.Build.0 = Debug|Any CPU
		{328D7C5A-6FF8-C2E0-DE99-A61B6CE5406B}.Release|Any CPU.ActiveCfg = Release|Any CPU
		{328D7C5A-6FF8-C2E0-DE99-A61B6CE5406B}.Release|Any CPU.Build.0 = Release|Any CPU
		{2CC60BAF-1DDB-4088-8228-92313D874D58}.Debug|Any CPU.ActiveCfg = Debug|x64
		{2CC60BAF-1DDB-4088-8228-92313D874D58}.Debug|Any CPU.Build.0 = Debug|x64
		{2CC60BAF-1DDB-4088-8228-92313D874D58}.Debug|Any CPU.Deploy.0 = Debug|x64
		{2CC60BAF-1DDB-4088-8228-92313D874D58}.Release|Any CPU.ActiveCfg = Release|x64
		{2CC60BAF-1DDB-4088-8228-92313D874D58}.Release|Any CPU.Build.0 = Release|x64
		{2CC60BAF-1DDB-4088-8228-92313D874D58}.Release|Any CPU.Deploy.0 = Release|x64
	EndGlobalSection
	GlobalSection(SolutionProperties) = preSolution
		HideSolutionNode = FALSE
	EndGlobalSection
	GlobalSection(ExtensibilityGlobals) = postSolution
		SolutionGuid = {C199FBE8-0AD0-45BA-8143-4237CFA67955}
	EndGlobalSection
EndGlobal
